Microsoft Visual Studio Solution File, Format Version 12.00
# Visual Studio Version 17
VisualStudioVersion = 17.5.2.0
MinimumVisualStudioVersion = 10.0.40219.1
Project("{FAE04EC0-301F-11D3-BF4B-00C04F79EFBC}") = "SmartStudyPlanner", "SmartStudyPlanner.csproj", "{0902B352-7F33-7F4D-D21E-B3DCBB728B13}"
EndProject
Global
	GlobalSection(SolutionConfigurationPlatforms) = preSolution
		Debug|Any CPU = Debug|Any CPU
		Release|Any CPU = Release|Any CPU
	EndGlobalSection
	GlobalSection(ProjectConfigurationPlatforms) = postSolution
		{0902B352-7F33-7F4D-D21E-B3DCBB728B13}.Debug|Any CPU.ActiveCfg = Debug|Any CPU
		{0902B352-7F33-7F4D-D21E-B3DCBB728B13}.Debug|Any CPU.Build.0 = Debug|Any CPU
		{0902B352-7F33-7F4D-D21E-B3DCBB728B13}.Release|Any CPU.ActiveCfg = Release|Any CPU
		{0902B352-7F33-7F4D-D21E-B3DCBB728B13}.Release|Any CPU.Build.0 = Release|Any CPU
	EndGlobalSection
	GlobalSection(SolutionProperties) = preSolution
		HideSolutionNode = FALSE
	EndGlobalSection
	GlobalSection(ExtensibilityGlobals) = postSolution
		SolutionGuid = {03515172-353F-4549-85E3-8D46E0964532}
	EndGlobalSection
EndGlobal
